
Microsoft Visual Studio Solution File, Format Version 11.00
# Visual Studio 2010
Project("{FAE04EC0-301F-11D3-BF4B-00C04F79EFBC}") = "Assembly-CSharp", "Assembly-CSharp.csproj", "{C1E547AB-1824-F877-9DFB-FB932FF8B023}"
EndProject
Project("{FAE04EC0-301F-11D3-BF4B-00C04F79EFBC}") = "Assembly-CSharp-Editor", "Assembly-CSharp-Editor.csproj", "{901D942D-4098-B667-DAF3-C6DA71B890B2}"
EndProject
Global
	GlobalSection(SolutionConfigurationPlatforms) = preSolution
		Debug|Any CPU = Debug|Any CPU
		Release|Any CPU = Release|Any CPU
	EndGlobalSection
	GlobalSection(ProjectConfigurationPlatforms) = postSolution
		{C1E547AB-1824-F877-9DFB-FB932FF8B023}.Debug|Any CPU.ActiveCfg = Debug|Any CPU
		{C1E547AB-1824-F877-9DFB-FB932FF8B023}.Debug|Any CPU.Build.0 = Debug|Any CPU
		{C1E547AB-1824-F877-9DFB-FB932FF8B023}.Release|Any CPU.ActiveCfg = Release|Any CPU
		{C1E547AB-1824-F877-9DFB-FB932FF8B023}.Release|Any CPU.Build.0 = Release|Any CPU
		{901D942D-4098-B667-DAF3-C6DA71B890B2}.Debug|Any CPU.ActiveCfg = Debug|Any CPU
		{901D942D-4098-B667-DAF3-C6DA71B890B2}.Debug|Any CPU.Build.0 = Debug|Any CPU
		{901D942D-4098-B667-DAF3-C6DA71B890B2}.Release|Any CPU.ActiveCfg = Release|Any CPU
		{901D942D-4098-B667-DAF3-C6DA71B890B2}.Release|Any CPU.Build.0 = Release|Any CPU
	EndGlobalSection
	GlobalSection(SolutionProperties) = preSolution
		HideSolutionNode = FALSE
	EndGlobalSection
	GlobalSection(MonoDevelopProperties) = preSolution
		StartupItem = Assembly-CSharp.csproj
	EndGlobalSection
EndGlobal
